
Microsoft Visual Studio Solution File, Format Version 12.00
# Visual Studio Version 16
VisualStudioVersion = 16.0.29806.167
MinimumVisualStudioVersion = 10.0.40219.1
Project("{FAE04EC0-301F-11D3-BF4B-00C04F79EFBC}") = "Curso_Csharp_Delegados_Predicados_Lamdas_1", "Curso_Csharp_Delegados_Predicados_Lamdas_1\Curso_Csharp_Delegados_Predicados_Lamdas_1.csproj", "{D4128CA6-2FF9-4214-A0A8-29854106485C}"
EndProject
Global
	GlobalSection(SolutionConfigurationPlatforms) = preSolution
		Debug|Any CPU = Debug|Any CPU
		Release|Any CPU = Release|Any CPU
	EndGlobalSection
	GlobalSection(ProjectConfigurationPlatforms) = postSolution
		{D4128CA6-2FF9-4214-A0A8-29854106485C}.Debug|Any CPU.ActiveCfg = Debug|Any CPU
		{D4128CA6-2FF9-4214-A0A8-29854106485C}.Debug|Any CPU.Build.0 = Debug|Any CPU
		{D4128CA6-2FF9-4214-A0A8-29854106485C}.Release|Any CPU.ActiveCfg = Release|Any CPU
		{D4128CA6-2FF9-4214-A0A8-29854106485C}.Release|Any CPU.Build.0 = Release|Any CPU
	EndGlobalSection
	GlobalSection(SolutionProperties) = preSolution
		HideSolutionNode = FALSE
	EndGlobalSection
	GlobalSection(ExtensibilityGlobals) = postSolution
		SolutionGuid = {2C52F1F1-6A69-4F75-AD2A-13AC8301DE59}
	EndGlobalSection
EndGlobal
