
Microsoft Visual Studio Solution File, Format Version 12.00
# Visual Studio Version 16
VisualStudioVersion = 16.0.29806.167
MinimumVisualStudioVersion = 10.0.40219.1
Project("{FAE04EC0-301F-11D3-BF4B-00C04F79EFBC}") = "Curso_Csharp_Variables_y_Metodos_Static", "Curso_Csharp_Variables_y_Metodos_Static\Curso_Csharp_Variables_y_Metodos_Static.csproj", "{61A28D97-FDD2-419E-93BF-CFDC8CEEE87A}"
EndProject
Global
	GlobalSection(SolutionConfigurationPlatforms) = preSolution
		Debug|Any CPU = Debug|Any CPU
		Release|Any CPU = Release|Any CPU
	EndGlobalSection
	GlobalSection(ProjectConfigurationPlatforms) = postSolution
		{61A28D97-FDD2-419E-93BF-CFDC8CEEE87A}.Debug|Any CPU.ActiveCfg = Debug|Any CPU
		{61A28D97-FDD2-419E-93BF-CFDC8CEEE87A}.Debug|Any CPU.Build.0 = Debug|Any CPU
		{61A28D97-FDD2-419E-93BF-CFDC8CEEE87A}.Release|Any CPU.ActiveCfg = Release|Any CPU
		{61A28D97-FDD2-419E-93BF-CFDC8CEEE87A}.Release|Any CPU.Build.0 = Release|Any CPU
	EndGlobalSection
	GlobalSection(SolutionProperties) = preSolution
		HideSolutionNode = FALSE
	EndGlobalSection
	GlobalSection(ExtensibilityGlobals) = postSolution
		SolutionGuid = {818C4846-7BA0-408B-A662-585E7A4CECBD}
	EndGlobalSection
EndGlobal
