
Microsoft Visual Studio Solution File, Format Version 12.00
# Visual Studio Version 16
VisualStudioVersion = 16.0.29806.167
MinimumVisualStudioVersion = 10.0.40219.1
Project("{FAE04EC0-301F-11D3-BF4B-00C04F79EFBC}") = "Curso_Csharp_Getters_y_Seters", "Curso_Csharp_Getters_y_Seters\Curso_Csharp_Getters_y_Seters.csproj", "{D162A090-711B-459A-BB51-C4ED5B4C5459}"
EndProject
Global
	GlobalSection(SolutionConfigurationPlatforms) = preSolution
		Debug|Any CPU = Debug|Any CPU
		Release|Any CPU = Release|Any CPU
	EndGlobalSection
	GlobalSection(ProjectConfigurationPlatforms) = postSolution
		{D162A090-711B-459A-BB51-C4ED5B4C5459}.Debug|Any CPU.ActiveCfg = Debug|Any CPU
		{D162A090-711B-459A-BB51-C4ED5B4C5459}.Debug|Any CPU.Build.0 = Debug|Any CPU
		{D162A090-711B-459A-BB51-C4ED5B4C5459}.Release|Any CPU.ActiveCfg = Release|Any CPU
		{D162A090-711B-459A-BB51-C4ED5B4C5459}.Release|Any CPU.Build.0 = Release|Any CPU
	EndGlobalSection
	GlobalSection(SolutionProperties) = preSolution
		HideSolutionNode = FALSE
	EndGlobalSection
	GlobalSection(ExtensibilityGlobals) = postSolution
		SolutionGuid = {45624322-6AD2-4FA7-AE7D-41E9DFBD6CCC}
	EndGlobalSection
EndGlobal
