
Microsoft Visual Studio Solution File, Format Version 12.00
# Visual Studio Version 16
VisualStudioVersion = 16.0.29806.167
MinimumVisualStudioVersion = 10.0.40219.1
Project("{FAE04EC0-301F-11D3-BF4B-00C04F79EFBC}") = "Curso_Csharp_Constructores", "Curso_Csharp_Constructores\Curso_Csharp_Constructores.csproj", "{484EDD43-A952-43CE-A7E4-20DB5ADBA529}"
EndProject
Global
	GlobalSection(SolutionConfigurationPlatforms) = preSolution
		Debug|Any CPU = Debug|Any CPU
		Release|Any CPU = Release|Any CPU
	EndGlobalSection
	GlobalSection(ProjectConfigurationPlatforms) = postSolution
		{484EDD43-A952-43CE-A7E4-20DB5ADBA529}.Debug|Any CPU.ActiveCfg = Debug|Any CPU
		{484EDD43-A952-43CE-A7E4-20DB5ADBA529}.Debug|Any CPU.Build.0 = Debug|Any CPU
		{484EDD43-A952-43CE-A7E4-20DB5ADBA529}.Release|Any CPU.ActiveCfg = Release|Any CPU
		{484EDD43-A952-43CE-A7E4-20DB5ADBA529}.Release|Any CPU.Build.0 = Release|Any CPU
	EndGlobalSection
	GlobalSection(SolutionProperties) = preSolution
		HideSolutionNode = FALSE
	EndGlobalSection
	GlobalSection(ExtensibilityGlobals) = postSolution
		SolutionGuid = {94F31754-9373-4E0B-8EBB-CDB212E1AB5C}
	EndGlobalSection
EndGlobal
