
Microsoft Visual Studio Solution File, Format Version 12.00
# Visual Studio Version 16
VisualStudioVersion = 16.0.29806.167
MinimumVisualStudioVersion = 10.0.40219.1
Project("{FAE04EC0-301F-11D3-BF4B-00C04F79EFBC}") = "Marices_normales_dimensionales_escalonadas", "Marices_normales_dimensionales_escalonadas\Marices_normales_dimensionales_escalonadas.csproj", "{1FE9A10E-6C1E-4162-BEAA-B63BA89DFC75}"
EndProject
Global
	GlobalSection(SolutionConfigurationPlatforms) = preSolution
		Debug|Any CPU = Debug|Any CPU
		Release|Any CPU = Release|Any CPU
	EndGlobalSection
	GlobalSection(ProjectConfigurationPlatforms) = postSolution
		{1FE9A10E-6C1E-4162-BEAA-B63BA89DFC75}.Debug|Any CPU.ActiveCfg = Debug|Any CPU
		{1FE9A10E-6C1E-4162-BEAA-B63BA89DFC75}.Debug|Any CPU.Build.0 = Debug|Any CPU
		{1FE9A10E-6C1E-4162-BEAA-B63BA89DFC75}.Release|Any CPU.ActiveCfg = Release|Any CPU
		{1FE9A10E-6C1E-4162-BEAA-B63BA89DFC75}.Release|Any CPU.Build.0 = Release|Any CPU
	EndGlobalSection
	GlobalSection(SolutionProperties) = preSolution
		HideSolutionNode = FALSE
	EndGlobalSection
	GlobalSection(ExtensibilityGlobals) = postSolution
		SolutionGuid = {306126B2-FB93-43E7-9DA2-8E2A02C3F668}
	EndGlobalSection
EndGlobal
