
Microsoft Visual Studio Solution File, Format Version 12.00
# Visual Studio Version 16
VisualStudioVersion = 16.0.29806.167
MinimumVisualStudioVersion = 10.0.40219.1
Project("{FAE04EC0-301F-11D3-BF4B-00C04F79EFBC}") = "Curso _Csharp_Dependency_Properties", "Curso _Csharp_Dependency_Properties\Curso _Csharp_Dependency_Properties.csproj", "{98F818C8-5898-482B-9972-0A9FFE6B598A}"
EndProject
Global
	GlobalSection(SolutionConfigurationPlatforms) = preSolution
		Debug|Any CPU = Debug|Any CPU
		Release|Any CPU = Release|Any CPU
	EndGlobalSection
	GlobalSection(ProjectConfigurationPlatforms) = postSolution
		{98F818C8-5898-482B-9972-0A9FFE6B598A}.Debug|Any CPU.ActiveCfg = Debug|Any CPU
		{98F818C8-5898-482B-9972-0A9FFE6B598A}.Debug|Any CPU.Build.0 = Debug|Any CPU
		{98F818C8-5898-482B-9972-0A9FFE6B598A}.Release|Any CPU.ActiveCfg = Release|Any CPU
		{98F818C8-5898-482B-9972-0A9FFE6B598A}.Release|Any CPU.Build.0 = Release|Any CPU
	EndGlobalSection
	GlobalSection(SolutionProperties) = preSolution
		HideSolutionNode = FALSE
	EndGlobalSection
	GlobalSection(ExtensibilityGlobals) = postSolution
		SolutionGuid = {AE4CF851-82D3-4B58-A7D6-3D495502A23B}
	EndGlobalSection
EndGlobal
